
Microsoft Visual Studio Solution File, Format Version 12.00
# Visual Studio Version 16
VisualStudioVersion = 16.0.32929.386
MinimumVisualStudioVersion = 10.0.40219.1
Project("{FAE04EC0-301F-11D3-BF4B-00C04F79EFBC}") = "Klinika.Portal", "Klinika.Portal\Klinika.Portal.csproj", "{D32FFE97-2F68-449B-BE05-35495131740B}"
EndProject
Project("{FAE04EC0-301F-11D3-BF4B-00C04F79EFBC}") = "Klinika.Intranet", "Klinika.Intranet\Klinika.Intranet.csproj", "{F833DD46-9291-4A67-AE25-FCF43945C8BA}"
EndProject
Global
	GlobalSection(SolutionConfigurationPlatforms) = preSolution
		Debug|Any CPU = Debug|Any CPU
		Release|Any CPU = Release|Any CPU
	EndGlobalSection
	GlobalSection(ProjectConfigurationPlatforms) = postSolution
		{D32FFE97-2F68-449B-BE05-35495131740B}.Debug|Any CPU.ActiveCfg = Debug|Any CPU
		{D32FFE97-2F68-449B-BE05-35495131740B}.Debug|Any CPU.Build.0 = Debug|Any CPU
		{D32FFE97-2F68-449B-BE05-35495131740B}.Release|Any CPU.ActiveCfg = Release|Any CPU
		{D32FFE97-2F68-449B-BE05-35495131740B}.Release|Any CPU.Build.0 = Release|Any CPU
		{F833DD46-9291-4A67-AE25-FCF43945C8BA}.Debug|Any CPU.ActiveCfg = Debug|Any CPU
		{F833DD46-9291-4A67-AE25-FCF43945C8BA}.Debug|Any CPU.Build.0 = Debug|Any CPU
		{F833DD46-9291-4A67-AE25-FCF43945C8BA}.Release|Any CPU.ActiveCfg = Release|Any CPU
		{F833DD46-9291-4A67-AE25-FCF43945C8BA}.Release|Any CPU.Build.0 = Release|Any CPU
	EndGlobalSection
	GlobalSection(SolutionProperties) = preSolution
		HideSolutionNode = FALSE
	EndGlobalSection
	GlobalSection(ExtensibilityGlobals) = postSolution
		SolutionGuid = {10649860-4850-41C4-985E-CF40F04BA1C0}
	EndGlobalSection
EndGlobal
